
Microsoft Visual Studio Solution File, Format Version 12.00
# Visual Studio 14
VisualStudioVersion = 14.0.25420.1
MinimumVisualStudioVersion = 10.0.40219.1
Project("{2150E333-8FDC-42A3-9474-1A3956D46DE8}") = "Demos", "Demos", "{06E594FA-BCB0-4C8C-AEB2-F0FE6E09DA1F}"
EndProject
Project("{2150E333-8FDC-42A3-9474-1A3956D46DE8}") = "WinForms", "WinForms", "{12FCD389-3B42-46FC-9956-076CF43F2600}"
EndProject
Project("{2150E333-8FDC-42A3-9474-1A3956D46DE8}") = "CSharp", "CSharp", "{EA0E8887-9E3A-4617-AB41-7FE409391A68}"
EndProject
Project("{2150E333-8FDC-42A3-9474-1A3956D46DE8}") = "WPF", "WPF", "{BEB35102-F434-47CE-A231-2FC3F089F75B}"
EndProject
Project("{2150E333-8FDC-42A3-9474-1A3956D46DE8}") = "CSharp", "CSharp", "{3F3567FA-DE52-4B4A-90B2-CE0EE171BA30}"
EndProject
Project("{FAE04EC0-301F-11D3-BF4B-00C04F79EFBC}") = "Audio Capture", "WinForms\CSharp\Audio Capture\Audio Capture.csproj", "{B897E0DB-DD7D-4490-A364-C0A9B83D1BF5}"
EndProject
Project("{FAE04EC0-301F-11D3-BF4B-00C04F79EFBC}") = "DV Capture", "WinForms\CSharp\DV Capture\DV Capture.csproj", "{F88E5812-6E94-40C5-A757-65C940C78200}"
EndProject
Project("{FAE04EC0-301F-11D3-BF4B-00C04F79EFBC}") = "IP Capture", "WinForms\CSharp\IP Capture\IP Capture.csproj", "{7BDA6A81-18C4-467E-BD5D-1C707A59DD64}"
EndProject
Project("{FAE04EC0-301F-11D3-BF4B-00C04F79EFBC}") = "Main Demo", "WinForms\CSharp\Main Demo\Main Demo.csproj", "{0812A4D7-6293-47FD-A566-86EC2FA36F2B}"
EndProject
Project("{FAE04EC0-301F-11D3-BF4B-00C04F79EFBC}") = "Screen Capture", "WinForms\CSharp\Screen Capture\Screen Capture.csproj", "{4EBA8AEE-1D7A-4305-B6C9-DC29268E60EA}"
EndProject
Project("{FAE04EC0-301F-11D3-BF4B-00C04F79EFBC}") = "Simple Video Capture", "WinForms\CSharp\Simple VideoCapture\Simple Video Capture.csproj", "{C511144F-B38D-40BD-973F-DFEE916E5FC5}"
EndProject
Project("{FAE04EC0-301F-11D3-BF4B-00C04F79EFBC}") = "Audio Capture", "WPF\CSharp\Audio_Capture\Audio Capture.csproj", "{A7183E5F-CF7E-4E37-BBC2-CB7B01071EE0}"
EndProject
Project("{FAE04EC0-301F-11D3-BF4B-00C04F79EFBC}") = "DV Capture", "WPF\CSharp\DV_Capture\DV Capture.csproj", "{4FC5DFB2-C163-4D2E-9E74-809F8F9A4389}"
EndProject
Project("{FAE04EC0-301F-11D3-BF4B-00C04F79EFBC}") = "IP Capture", "WPF\CSharp\IP_Capture\IP Capture.csproj", "{3BABFA72-C8F6-417F-9060-2A51FD886E0A}"
EndProject
Project("{FAE04EC0-301F-11D3-BF4B-00C04F79EFBC}") = "Main Demo", "WPF\CSharp\Main_Demo\Main Demo.csproj", "{17AF8B28-D59C-4159-B028-126440C315E3}"
EndProject
Project("{FAE04EC0-301F-11D3-BF4B-00C04F79EFBC}") = "Screen Capture", "WPF\CSharp\Screen_Capture\Screen Capture.csproj", "{05286135-3B62-466A-B51E-91E7315A0C60}"
EndProject
Project("{FAE04EC0-301F-11D3-BF4B-00C04F79EFBC}") = "Simple Video Capture", "WPF\CSharp\Simple Video Capture\Simple Video Capture.csproj", "{D9E6C5A9-36CF-4F54-A93C-C7635BA4DF03}"
EndProject
Project("{FAE04EC0-301F-11D3-BF4B-00C04F79EFBC}") = "Push Source Demo", "WinForms\CSharp\Push Source Demo\Push Source Demo.csproj", "{49073487-E806-4B3C-9767-EB85E6EA71E4}"
EndProject
Project("{2150E333-8FDC-42A3-9474-1A3956D46DE8}") = "Services", "Services", "{EBAF07B6-9D0F-4E14-B9FA-522585B591A2}"
EndProject
Project("{2150E333-8FDC-42A3-9474-1A3956D46DE8}") = "Console", "Console", "{B477D9B3-B823-4727-8E81-2DBF9A5FFEAF}"
EndProject
Project("{FAE04EC0-301F-11D3-BF4B-00C04F79EFBC}") = "TV Tuner Demo", "Console\TV Tuner Demo\TV Tuner Demo.csproj", "{F3D05B45-15CB-412D-83B2-079C45192DDD}"
EndProject
Project("{FAE04EC0-301F-11D3-BF4B-00C04F79EFBC}") = "Video Capture Demo", "Console\Video Capture Demo\Video Capture Demo.csproj", "{25B3B9F4-5748-4381-8234-CA4E9FD3D95D}"
EndProject
Project("{FAE04EC0-301F-11D3-BF4B-00C04F79EFBC}") = "IP Capture Service", "Services\IP Capture\IP Capture Service.csproj", "{CD81DB7A-F5FB-44FA-B57C-A35F99AB7352}"
EndProject
Project("{FAE04EC0-301F-11D3-BF4B-00C04F79EFBC}") = "Screen Capture Service Helper", "Services\Screen Capture\Helper\Screen Capture Service Helper.csproj", "{9CF98AB7-941E-4923-A3AA-478CF5CAF0FE}"
EndProject
Project("{FAE04EC0-301F-11D3-BF4B-00C04F79EFBC}") = "Screen Capture Service", "Services\Screen Capture\Service\Screen Capture Service.csproj", "{D8D0FC78-4A50-485D-A018-84B947E95CDB}"
EndProject
Project("{FAE04EC0-301F-11D3-BF4B-00C04F79EFBC}") = "Kinect Demo", "WinForms\CSharp\Kinect Demo\Kinect Demo.csproj", "{4F1415CA-1B26-427A-8520-9B6EFF3CEBDD}"
EndProject
Project("{FAE04EC0-301F-11D3-BF4B-00C04F79EFBC}") = "Kinect 2 Demo", "WinForms\CSharp\Kinect 2 Demo\Kinect 2 Demo.csproj", "{4F1415CA-1B26-427A-8520-9B6EFF3CEBAA}"
EndProject
Project("{FAE04EC0-301F-11D3-BF4B-00C04F79EFBC}") = "Multiple IP Cameras", "WinForms\CSharp\Multiple IP cams\Multiple IP Cameras.csproj", "{31ADBBE0-3CC2-4BFA-8C84-9760C63F0D12}"
EndProject
Project("{FAE04EC0-301F-11D3-BF4B-00C04F79EFBC}") = "Multiple Video Streams", "WinForms\CSharp\Multiple video streams\Multiple Video Streams.csproj", "{6C057FC4-6F3F-4887-86AE-FBC77E571F97}"
EndProject
Project("{FAE04EC0-301F-11D3-BF4B-00C04F79EFBC}") = "Multiple Web Cameras", "WinForms\CSharp\Multiple web cams\Multiple Web Cameras.csproj", "{6F6AC56C-EFC4-4937-A3E4-5DC53C0C1397}"
EndProject
Global
	GlobalSection(SolutionConfigurationPlatforms) = preSolution
		Debug|Any CPU = Debug|Any CPU
		Debug|x86 = Debug|x86
		Release|Any CPU = Release|Any CPU
		Release|x86 = Release|x86
	EndGlobalSection
	GlobalSection(ProjectConfigurationPlatforms) = postSolution
		{B897E0DB-DD7D-4490-A364-C0A9B83D1BF5}.Debug|Any CPU.ActiveCfg = Debug|Any CPU
		{B897E0DB-DD7D-4490-A364-C0A9B83D1BF5}.Debug|Any CPU.Build.0 = Debug|Any CPU
		{B897E0DB-DD7D-4490-A364-C0A9B83D1BF5}.Debug|x86.ActiveCfg = Debug|Any CPU
		{B897E0DB-DD7D-4490-A364-C0A9B83D1BF5}.Debug|x86.Build.0 = Debug|Any CPU
		{B897E0DB-DD7D-4490-A364-C0A9B83D1BF5}.Release|Any CPU.ActiveCfg = Release|Any CPU
		{B897E0DB-DD7D-4490-A364-C0A9B83D1BF5}.Release|Any CPU.Build.0 = Release|Any CPU
		{B897E0DB-DD7D-4490-A364-C0A9B83D1BF5}.Release|x86.ActiveCfg = Release|Any CPU
		{B897E0DB-DD7D-4490-A364-C0A9B83D1BF5}.Release|x86.Build.0 = Release|Any CPU
		{F88E5812-6E94-40C5-A757-65C940C78200}.Debug|Any CPU.ActiveCfg = Debug|Any CPU
		{F88E5812-6E94-40C5-A757-65C940C78200}.Debug|Any CPU.Build.0 = Debug|Any CPU
		{F88E5812-6E94-40C5-A757-65C940C78200}.Debug|x86.ActiveCfg = Debug|Any CPU
		{F88E5812-6E94-40C5-A757-65C940C78200}.Debug|x86.Build.0 = Debug|Any CPU
		{F88E5812-6E94-40C5-A757-65C940C78200}.Release|Any CPU.ActiveCfg = Release|Any CPU
		{F88E5812-6E94-40C5-A757-65C940C78200}.Release|Any CPU.Build.0 = Release|Any CPU
		{F88E5812-6E94-40C5-A757-65C940C78200}.Release|x86.ActiveCfg = Release|Any CPU
		{F88E5812-6E94-40C5-A757-65C940C78200}.Release|x86.Build.0 = Release|Any CPU
		{7BDA6A81-18C4-467E-BD5D-1C707A59DD64}.Debug|Any CPU.ActiveCfg = Debug|Any CPU
		{7BDA6A81-18C4-467E-BD5D-1C707A59DD64}.Debug|Any CPU.Build.0 = Debug|Any CPU
		{7BDA6A81-18C4-467E-BD5D-1C707A59DD64}.Debug|x86.ActiveCfg = Debug|Any CPU
		{7BDA6A81-18C4-467E-BD5D-1C707A59DD64}.Debug|x86.Build.0 = Debug|Any CPU
		{7BDA6A81-18C4-467E-BD5D-1C707A59DD64}.Release|Any CPU.ActiveCfg = Release|Any CPU
		{7BDA6A81-18C4-467E-BD5D-1C707A59DD64}.Release|Any CPU.Build.0 = Release|Any CPU
		{7BDA6A81-18C4-467E-BD5D-1C707A59DD64}.Release|x86.ActiveCfg = Release|Any CPU
		{7BDA6A81-18C4-467E-BD5D-1C707A59DD64}.Release|x86.Build.0 = Release|Any CPU
		{0812A4D7-6293-47FD-A566-86EC2FA36F2B}.Debug|Any CPU.ActiveCfg = Debug|Any CPU
		{0812A4D7-6293-47FD-A566-86EC2FA36F2B}.Debug|Any CPU.Build.0 = Debug|Any CPU
		{0812A4D7-6293-47FD-A566-86EC2FA36F2B}.Debug|x86.ActiveCfg = Debug|Any CPU
		{0812A4D7-6293-47FD-A566-86EC2FA36F2B}.Debug|x86.Build.0 = Debug|Any CPU
		{0812A4D7-6293-47FD-A566-86EC2FA36F2B}.Release|Any CPU.ActiveCfg = Release|Any CPU
		{0812A4D7-6293-47FD-A566-86EC2FA36F2B}.Release|Any CPU.Build.0 = Release|Any CPU
		{0812A4D7-6293-47FD-A566-86EC2FA36F2B}.Release|x86.ActiveCfg = Release|Any CPU
		{0812A4D7-6293-47FD-A566-86EC2FA36F2B}.Release|x86.Build.0 = Release|Any CPU
		{4EBA8AEE-1D7A-4305-B6C9-DC29268E60EA}.Debug|Any CPU.ActiveCfg = Debug|Any CPU
		{4EBA8AEE-1D7A-4305-B6C9-DC29268E60EA}.Debug|Any CPU.Build.0 = Debug|Any CPU
		{4EBA8AEE-1D7A-4305-B6C9-DC29268E60EA}.Debug|x86.ActiveCfg = Debug|Any CPU
		{4EBA8AEE-1D7A-4305-B6C9-DC29268E60EA}.Debug|x86.Build.0 = Debug|Any CPU
		{4EBA8AEE-1D7A-4305-B6C9-DC29268E60EA}.Release|Any CPU.ActiveCfg = Release|Any CPU
		{4EBA8AEE-1D7A-4305-B6C9-DC29268E60EA}.Release|Any CPU.Build.0 = Release|Any CPU
		{4EBA8AEE-1D7A-4305-B6C9-DC29268E60EA}.Release|x86.ActiveCfg = Release|Any CPU
		{4EBA8AEE-1D7A-4305-B6C9-DC29268E60EA}.Release|x86.Build.0 = Release|Any CPU
		{C511144F-B38D-40BD-973F-DFEE916E5FC5}.Debug|Any CPU.ActiveCfg = Debug|Any CPU
		{C511144F-B38D-40BD-973F-DFEE916E5FC5}.Debug|Any CPU.Build.0 = Debug|Any CPU
		{C511144F-B38D-40BD-973F-DFEE916E5FC5}.Debug|x86.ActiveCfg = Debug|Any CPU
		{C511144F-B38D-40BD-973F-DFEE916E5FC5}.Debug|x86.Build.0 = Debug|Any CPU
		{C511144F-B38D-40BD-973F-DFEE916E5FC5}.Release|Any CPU.ActiveCfg = Release|Any CPU
		{C511144F-B38D-40BD-973F-DFEE916E5FC5}.Release|Any CPU.Build.0 = Release|Any CPU
		{C511144F-B38D-40BD-973F-DFEE916E5FC5}.Release|x86.ActiveCfg = Release|Any CPU
		{C511144F-B38D-40BD-973F-DFEE916E5FC5}.Release|x86.Build.0 = Release|Any CPU
		{A7183E5F-CF7E-4E37-BBC2-CB7B01071EE0}.Debug|Any CPU.ActiveCfg = Debug|Any CPU
		{A7183E5F-CF7E-4E37-BBC2-CB7B01071EE0}.Debug|Any CPU.Build.0 = Debug|Any CPU
		{A7183E5F-CF7E-4E37-BBC2-CB7B01071EE0}.Debug|x86.ActiveCfg = Debug|Any CPU
		{A7183E5F-CF7E-4E37-BBC2-CB7B01071EE0}.Debug|x86.Build.0 = Debug|Any CPU
		{A7183E5F-CF7E-4E37-BBC2-CB7B01071EE0}.Release|Any CPU.ActiveCfg = Release|Any CPU
		{A7183E5F-CF7E-4E37-BBC2-CB7B01071EE0}.Release|Any CPU.Build.0 = Release|Any CPU
		{A7183E5F-CF7E-4E37-BBC2-CB7B01071EE0}.Release|x86.ActiveCfg = Release|Any CPU
		{A7183E5F-CF7E-4E37-BBC2-CB7B01071EE0}.Release|x86.Build.0 = Release|Any CPU
		{4FC5DFB2-C163-4D2E-9E74-809F8F9A4389}.Debug|Any CPU.ActiveCfg = Debug|Any CPU
		{4FC5DFB2-C163-4D2E-9E74-809F8F9A4389}.Debug|Any CPU.Build.0 = Debug|Any CPU
		{4FC5DFB2-C163-4D2E-9E74-809F8F9A4389}.Debug|x86.ActiveCfg = Debug|Any CPU
		{4FC5DFB2-C163-4D2E-9E74-809F8F9A4389}.Debug|x86.Build.0 = Debug|Any CPU
		{4FC5DFB2-C163-4D2E-9E74-809F8F9A4389}.Release|Any CPU.ActiveCfg = Release|Any CPU
		{4FC5DFB2-C163-4D2E-9E74-809F8F9A4389}.Release|Any CPU.Build.0 = Release|Any CPU
		{4FC5DFB2-C163-4D2E-9E74-809F8F9A4389}.Release|x86.ActiveCfg = Release|Any CPU
		{4FC5DFB2-C163-4D2E-9E74-809F8F9A4389}.Release|x86.Build.0 = Release|Any CPU
		{3BABFA72-C8F6-417F-9060-2A51FD886E0A}.Debug|Any CPU.ActiveCfg = Debug|Any CPU
		{3BABFA72-C8F6-417F-9060-2A51FD886E0A}.Debug|Any CPU.Build.0 = Debug|Any CPU
		{3BABFA72-C8F6-417F-9060-2A51FD886E0A}.Debug|x86.ActiveCfg = Debug|Any CPU
		{3BABFA72-C8F6-417F-9060-2A51FD886E0A}.Debug|x86.Build.0 = Debug|Any CPU
		{3BABFA72-C8F6-417F-9060-2A51FD886E0A}.Release|Any CPU.ActiveCfg = Release|Any CPU
		{3BABFA72-C8F6-417F-9060-2A51FD886E0A}.Release|Any CPU.Build.0 = Release|Any CPU
		{3BABFA72-C8F6-417F-9060-2A51FD886E0A}.Release|x86.ActiveCfg = Release|Any CPU
		{3BABFA72-C8F6-417F-9060-2A51FD886E0A}.Release|x86.Build.0 = Release|Any CPU
		{17AF8B28-D59C-4159-B028-126440C315E3}.Debug|Any CPU.ActiveCfg = Debug|Any CPU
		{17AF8B28-D59C-4159-B028-126440C315E3}.Debug|Any CPU.Build.0 = Debug|Any CPU
		{17AF8B28-D59C-4159-B028-126440C315E3}.Debug|x86.ActiveCfg = Debug|Any CPU
		{17AF8B28-D59C-4159-B028-126440C315E3}.Debug|x86.Build.0 = Debug|Any CPU
		{17AF8B28-D59C-4159-B028-126440C315E3}.Release|Any CPU.ActiveCfg = Release|Any CPU
		{17AF8B28-D59C-4159-B028-126440C315E3}.Release|Any CPU.Build.0 = Release|Any CPU
		{17AF8B28-D59C-4159-B028-126440C315E3}.Release|x86.ActiveCfg = Release|Any CPU
		{17AF8B28-D59C-4159-B028-126440C315E3}.Release|x86.Build.0 = Release|Any CPU
		{05286135-3B62-466A-B51E-91E7315A0C60}.Debug|Any CPU.ActiveCfg = Debug|Any CPU
		{05286135-3B62-466A-B51E-91E7315A0C60}.Debug|Any CPU.Build.0 = Debug|Any CPU
		{05286135-3B62-466A-B51E-91E7315A0C60}.Debug|x86.ActiveCfg = Debug|Any CPU
		{05286135-3B62-466A-B51E-91E7315A0C60}.Debug|x86.Build.0 = Debug|Any CPU
		{05286135-3B62-466A-B51E-91E7315A0C60}.Release|Any CPU.ActiveCfg = Release|Any CPU
		{05286135-3B62-466A-B51E-91E7315A0C60}.Release|Any CPU.Build.0 = Release|Any CPU
		{05286135-3B62-466A-B51E-91E7315A0C60}.Release|x86.ActiveCfg = Release|Any CPU
		{05286135-3B62-466A-B51E-91E7315A0C60}.Release|x86.Build.0 = Release|Any CPU
		{D9E6C5A9-36CF-4F54-A93C-C7635BA4DF03}.Debug|Any CPU.ActiveCfg = Debug|Any CPU
		{D9E6C5A9-36CF-4F54-A93C-C7635BA4DF03}.Debug|Any CPU.Build.0 = Debug|Any CPU
		{D9E6C5A9-36CF-4F54-A93C-C7635BA4DF03}.Debug|x86.ActiveCfg = Debug|Any CPU
		{D9E6C5A9-36CF-4F54-A93C-C7635BA4DF03}.Debug|x86.Build.0 = Debug|Any CPU
		{D9E6C5A9-36CF-4F54-A93C-C7635BA4DF03}.Release|Any CPU.ActiveCfg = Release|Any CPU
		{D9E6C5A9-36CF-4F54-A93C-C7635BA4DF03}.Release|Any CPU.Build.0 = Release|Any CPU
		{D9E6C5A9-36CF-4F54-A93C-C7635BA4DF03}.Release|x86.ActiveCfg = Release|Any CPU
		{D9E6C5A9-36CF-4F54-A93C-C7635BA4DF03}.Release|x86.Build.0 = Release|Any CPU
		{49073487-E806-4B3C-9767-EB85E6EA71E4}.Debug|Any CPU.ActiveCfg = Debug|Any CPU
		{49073487-E806-4B3C-9767-EB85E6EA71E4}.Debug|Any CPU.Build.0 = Debug|Any CPU
		{49073487-E806-4B3C-9767-EB85E6EA71E4}.Debug|x86.ActiveCfg = Debug|Any CPU
		{49073487-E806-4B3C-9767-EB85E6EA71E4}.Debug|x86.Build.0 = Debug|Any CPU
		{49073487-E806-4B3C-9767-EB85E6EA71E4}.Release|Any CPU.ActiveCfg = Release|Any CPU
		{49073487-E806-4B3C-9767-EB85E6EA71E4}.Release|Any CPU.Build.0 = Release|Any CPU
		{49073487-E806-4B3C-9767-EB85E6EA71E4}.Release|x86.ActiveCfg = Release|Any CPU
		{49073487-E806-4B3C-9767-EB85E6EA71E4}.Release|x86.Build.0 = Release|Any CPU
		{F3D05B45-15CB-412D-83B2-079C45192DDD}.Debug|Any CPU.ActiveCfg = Debug|Any CPU
		{F3D05B45-15CB-412D-83B2-079C45192DDD}.Debug|Any CPU.Build.0 = Debug|Any CPU
		{F3D05B45-15CB-412D-83B2-079C45192DDD}.Debug|x86.ActiveCfg = Debug|Any CPU
		{F3D05B45-15CB-412D-83B2-079C45192DDD}.Debug|x86.Build.0 = Debug|Any CPU
		{F3D05B45-15CB-412D-83B2-079C45192DDD}.Release|Any CPU.ActiveCfg = Release|Any CPU
		{F3D05B45-15CB-412D-83B2-079C45192DDD}.Release|Any CPU.Build.0 = Release|Any CPU
		{F3D05B45-15CB-412D-83B2-079C45192DDD}.Release|x86.ActiveCfg = Release|Any CPU
		{F3D05B45-15CB-412D-83B2-079C45192DDD}.Release|x86.Build.0 = Release|Any CPU
		{25B3B9F4-5748-4381-8234-CA4E9FD3D95D}.Debug|Any CPU.ActiveCfg = Debug|Any CPU
		{25B3B9F4-5748-4381-8234-CA4E9FD3D95D}.Debug|Any CPU.Build.0 = Debug|Any CPU
		{25B3B9F4-5748-4381-8234-CA4E9FD3D95D}.Debug|x86.ActiveCfg = Debug|Any CPU
		{25B3B9F4-5748-4381-8234-CA4E9FD3D95D}.Debug|x86.Build.0 = Debug|Any CPU
		{25B3B9F4-5748-4381-8234-CA4E9FD3D95D}.Release|Any CPU.ActiveCfg = Release|Any CPU
		{25B3B9F4-5748-4381-8234-CA4E9FD3D95D}.Release|Any CPU.Build.0 = Release|Any CPU
		{25B3B9F4-5748-4381-8234-CA4E9FD3D95D}.Release|x86.ActiveCfg = Release|Any CPU
		{25B3B9F4-5748-4381-8234-CA4E9FD3D95D}.Release|x86.Build.0 = Release|Any CPU
		{CD81DB7A-F5FB-44FA-B57C-A35F99AB7352}.Debug|Any CPU.ActiveCfg = Debug|Any CPU
		{CD81DB7A-F5FB-44FA-B57C-A35F99AB7352}.Debug|Any CPU.Build.0 = Debug|Any CPU
		{CD81DB7A-F5FB-44FA-B57C-A35F99AB7352}.Debug|x86.ActiveCfg = Debug|Any CPU
		{CD81DB7A-F5FB-44FA-B57C-A35F99AB7352}.Debug|x86.Build.0 = Debug|Any CPU
		{CD81DB7A-F5FB-44FA-B57C-A35F99AB7352}.Release|Any CPU.ActiveCfg = Release|Any CPU
		{CD81DB7A-F5FB-44FA-B57C-A35F99AB7352}.Release|Any CPU.Build.0 = Release|Any CPU
		{CD81DB7A-F5FB-44FA-B57C-A35F99AB7352}.Release|x86.ActiveCfg = Release|Any CPU
		{CD81DB7A-F5FB-44FA-B57C-A35F99AB7352}.Release|x86.Build.0 = Release|Any CPU
		{9CF98AB7-941E-4923-A3AA-478CF5CAF0FE}.Debug|Any CPU.ActiveCfg = Debug|Any CPU
		{9CF98AB7-941E-4923-A3AA-478CF5CAF0FE}.Debug|Any CPU.Build.0 = Debug|Any CPU
		{9CF98AB7-941E-4923-A3AA-478CF5CAF0FE}.Debug|x86.ActiveCfg = Debug|Any CPU
		{9CF98AB7-941E-4923-A3AA-478CF5CAF0FE}.Debug|x86.Build.0 = Debug|Any CPU
		{9CF98AB7-941E-4923-A3AA-478CF5CAF0FE}.Release|Any CPU.ActiveCfg = Release|Any CPU
		{9CF98AB7-941E-4923-A3AA-478CF5CAF0FE}.Release|Any CPU.Build.0 = Release|Any CPU
		{9CF98AB7-941E-4923-A3AA-478CF5CAF0FE}.Release|x86.ActiveCfg = Release|Any CPU
		{9CF98AB7-941E-4923-A3AA-478CF5CAF0FE}.Release|x86.Build.0 = Release|Any CPU
		{D8D0FC78-4A50-485D-A018-84B947E95CDB}.Debug|Any CPU.ActiveCfg = Debug|Any CPU
		{D8D0FC78-4A50-485D-A018-84B947E95CDB}.Debug|Any CPU.Build.0 = Debug|Any CPU
		{D8D0FC78-4A50-485D-A018-84B947E95CDB}.Debug|x86.ActiveCfg = Debug|Any CPU
		{D8D0FC78-4A50-485D-A018-84B947E95CDB}.Debug|x86.Build.0 = Debug|Any CPU
		{D8D0FC78-4A50-485D-A018-84B947E95CDB}.Release|Any CPU.ActiveCfg = Release|Any CPU
		{D8D0FC78-4A50-485D-A018-84B947E95CDB}.Release|Any CPU.Build.0 = Release|Any CPU
		{D8D0FC78-4A50-485D-A018-84B947E95CDB}.Release|x86.ActiveCfg = Release|Any CPU
		{D8D0FC78-4A50-485D-A018-84B947E95CDB}.Release|x86.Build.0 = Release|Any CPU
		{4F1415CA-1B26-427A-8520-9B6EFF3CEBDD}.Debug|Any CPU.ActiveCfg = Debug|Any CPU
		{4F1415CA-1B26-427A-8520-9B6EFF3CEBDD}.Debug|Any CPU.Build.0 = Debug|Any CPU
		{4F1415CA-1B26-427A-8520-9B6EFF3CEBDD}.Debug|x86.ActiveCfg = Debug|Any CPU
		{4F1415CA-1B26-427A-8520-9B6EFF3CEBDD}.Debug|x86.Build.0 = Debug|Any CPU
		{4F1415CA-1B26-427A-8520-9B6EFF3CEBDD}.Release|Any CPU.ActiveCfg = Release|Any CPU
		{4F1415CA-1B26-427A-8520-9B6EFF3CEBDD}.Release|Any CPU.Build.0 = Release|Any CPU
		{4F1415CA-1B26-427A-8520-9B6EFF3CEBDD}.Release|x86.ActiveCfg = Release|Any CPU
		{4F1415CA-1B26-427A-8520-9B6EFF3CEBDD}.Release|x86.Build.0 = Release|Any CPU
		{4F1415CA-1B26-427A-8520-9B6EFF3CEBAA}.Debug|Any CPU.ActiveCfg = Debug|Any CPU
		{4F1415CA-1B26-427A-8520-9B6EFF3CEBAA}.Debug|Any CPU.Build.0 = Debug|Any CPU
		{4F1415CA-1B26-427A-8520-9B6EFF3CEBAA}.Debug|x86.ActiveCfg = Debug|x86
		{4F1415CA-1B26-427A-8520-9B6EFF3CEBAA}.Debug|x86.Build.0 = Debug|x86
		{4F1415CA-1B26-427A-8520-9B6EFF3CEBAA}.Release|Any CPU.ActiveCfg = Release|Any CPU
		{4F1415CA-1B26-427A-8520-9B6EFF3CEBAA}.Release|Any CPU.Build.0 = Release|Any CPU
		{4F1415CA-1B26-427A-8520-9B6EFF3CEBAA}.Release|x86.ActiveCfg = Release|x86
		{4F1415CA-1B26-427A-8520-9B6EFF3CEBAA}.Release|x86.Build.0 = Release|x86
		{31ADBBE0-3CC2-4BFA-8C84-9760C63F0D12}.Debug|Any CPU.ActiveCfg = Debug|Any CPU
		{31ADBBE0-3CC2-4BFA-8C84-9760C63F0D12}.Debug|Any CPU.Build.0 = Debug|Any CPU
		{31ADBBE0-3CC2-4BFA-8C84-9760C63F0D12}.Debug|x86.ActiveCfg = Debug|Any CPU
		{31ADBBE0-3CC2-4BFA-8C84-9760C63F0D12}.Debug|x86.Build.0 = Debug|Any CPU
		{31ADBBE0-3CC2-4BFA-8C84-9760C63F0D12}.Release|Any CPU.ActiveCfg = Release|Any CPU
		{31ADBBE0-3CC2-4BFA-8C84-9760C63F0D12}.Release|Any CPU.Build.0 = Release|Any CPU
		{31ADBBE0-3CC2-4BFA-8C84-9760C63F0D12}.Release|x86.ActiveCfg = Release|Any CPU
		{31ADBBE0-3CC2-4BFA-8C84-9760C63F0D12}.Release|x86.Build.0 = Release|Any CPU
		{6C057FC4-6F3F-4887-86AE-FBC77E571F97}.Debug|Any CPU.ActiveCfg = Debug|Any CPU
		{6C057FC4-6F3F-4887-86AE-FBC77E571F97}.Debug|Any CPU.Build.0 = Debug|Any CPU
		{6C057FC4-6F3F-4887-86AE-FBC77E571F97}.Debug|x86.ActiveCfg = Debug|Any CPU
		{6C057FC4-6F3F-4887-86AE-FBC77E571F97}.Debug|x86.Build.0 = Debug|Any CPU
		{6C057FC4-6F3F-4887-86AE-FBC77E571F97}.Release|Any CPU.ActiveCfg = Release|Any CPU
		{6C057FC4-6F3F-4887-86AE-FBC77E571F97}.Release|Any CPU.Build.0 = Release|Any CPU
		{6C057FC4-6F3F-4887-86AE-FBC77E571F97}.Release|x86.ActiveCfg = Release|Any CPU
		{6C057FC4-6F3F-4887-86AE-FBC77E571F97}.Release|x86.Build.0 = Release|Any CPU
		{6F6AC56C-EFC4-4937-A3E4-5DC53C0C1397}.Debug|Any CPU.ActiveCfg = Debug|Any CPU
		{6F6AC56C-EFC4-4937-A3E4-5DC53C0C1397}.Debug|Any CPU.Build.0 = Debug|Any CPU
		{6F6AC56C-EFC4-4937-A3E4-5DC53C0C1397}.Debug|x86.ActiveCfg = Debug|Any CPU
		{6F6AC56C-EFC4-4937-A3E4-5DC53C0C1397}.Debug|x86.Build.0 = Debug|Any CPU
		{6F6AC56C-EFC4-4937-A3E4-5DC53C0C1397}.Release|Any CPU.ActiveCfg = Release|Any CPU
		{6F6AC56C-EFC4-4937-A3E4-5DC53C0C1397}.Release|Any CPU.Build.0 = Release|Any CPU
		{6F6AC56C-EFC4-4937-A3E4-5DC53C0C1397}.Release|x86.ActiveCfg = Release|Any CPU
		{6F6AC56C-EFC4-4937-A3E4-5DC53C0C1397}.Release|x86.Build.0 = Release|Any CPU
	EndGlobalSection
	GlobalSection(SolutionProperties) = preSolution
		HideSolutionNode = FALSE
	EndGlobalSection
	GlobalSection(NestedProjects) = preSolution
		{12FCD389-3B42-46FC-9956-076CF43F2600} = {06E594FA-BCB0-4C8C-AEB2-F0FE6E09DA1F}
		{EA0E8887-9E3A-4617-AB41-7FE409391A68} = {12FCD389-3B42-46FC-9956-076CF43F2600}
		{BEB35102-F434-47CE-A231-2FC3F089F75B} = {06E594FA-BCB0-4C8C-AEB2-F0FE6E09DA1F}
		{3F3567FA-DE52-4B4A-90B2-CE0EE171BA30} = {BEB35102-F434-47CE-A231-2FC3F089F75B}
		{B897E0DB-DD7D-4490-A364-C0A9B83D1BF5} = {EA0E8887-9E3A-4617-AB41-7FE409391A68}
		{F88E5812-6E94-40C5-A757-65C940C78200} = {EA0E8887-9E3A-4617-AB41-7FE409391A68}
		{7BDA6A81-18C4-467E-BD5D-1C707A59DD64} = {EA0E8887-9E3A-4617-AB41-7FE409391A68}
		{0812A4D7-6293-47FD-A566-86EC2FA36F2B} = {EA0E8887-9E3A-4617-AB41-7FE409391A68}
		{4EBA8AEE-1D7A-4305-B6C9-DC29268E60EA} = {EA0E8887-9E3A-4617-AB41-7FE409391A68}
		{C511144F-B38D-40BD-973F-DFEE916E5FC5} = {EA0E8887-9E3A-4617-AB41-7FE409391A68}
		{A7183E5F-CF7E-4E37-BBC2-CB7B01071EE0} = {3F3567FA-DE52-4B4A-90B2-CE0EE171BA30}
		{4FC5DFB2-C163-4D2E-9E74-809F8F9A4389} = {3F3567FA-DE52-4B4A-90B2-CE0EE171BA30}
		{3BABFA72-C8F6-417F-9060-2A51FD886E0A} = {3F3567FA-DE52-4B4A-90B2-CE0EE171BA30}
		{17AF8B28-D59C-4159-B028-126440C315E3} = {3F3567FA-DE52-4B4A-90B2-CE0EE171BA30}
		{05286135-3B62-466A-B51E-91E7315A0C60} = {3F3567FA-DE52-4B4A-90B2-CE0EE171BA30}
		{D9E6C5A9-36CF-4F54-A93C-C7635BA4DF03} = {3F3567FA-DE52-4B4A-90B2-CE0EE171BA30}
		{49073487-E806-4B3C-9767-EB85E6EA71E4} = {EA0E8887-9E3A-4617-AB41-7FE409391A68}
		{EBAF07B6-9D0F-4E14-B9FA-522585B591A2} = {06E594FA-BCB0-4C8C-AEB2-F0FE6E09DA1F}
		{B477D9B3-B823-4727-8E81-2DBF9A5FFEAF} = {06E594FA-BCB0-4C8C-AEB2-F0FE6E09DA1F}
		{F3D05B45-15CB-412D-83B2-079C45192DDD} = {B477D9B3-B823-4727-8E81-2DBF9A5FFEAF}
		{25B3B9F4-5748-4381-8234-CA4E9FD3D95D} = {B477D9B3-B823-4727-8E81-2DBF9A5FFEAF}
		{CD81DB7A-F5FB-44FA-B57C-A35F99AB7352} = {EBAF07B6-9D0F-4E14-B9FA-522585B591A2}
		{9CF98AB7-941E-4923-A3AA-478CF5CAF0FE} = {EBAF07B6-9D0F-4E14-B9FA-522585B591A2}
		{D8D0FC78-4A50-485D-A018-84B947E95CDB} = {EBAF07B6-9D0F-4E14-B9FA-522585B591A2}
		{4F1415CA-1B26-427A-8520-9B6EFF3CEBDD} = {EA0E8887-9E3A-4617-AB41-7FE409391A68}
		{4F1415CA-1B26-427A-8520-9B6EFF3CEBAA} = {EA0E8887-9E3A-4617-AB41-7FE409391A68}
		{31ADBBE0-3CC2-4BFA-8C84-9760C63F0D12} = {EA0E8887-9E3A-4617-AB41-7FE409391A68}
		{6C057FC4-6F3F-4887-86AE-FBC77E571F97} = {EA0E8887-9E3A-4617-AB41-7FE409391A68}
		{6F6AC56C-EFC4-4937-A3E4-5DC53C0C1397} = {EA0E8887-9E3A-4617-AB41-7FE409391A68}
	EndGlobalSection
EndGlobal
