
Microsoft Visual Studio Solution File, Format Version 12.00
# Visual Studio 14
VisualStudioVersion = 14.0.25420.1
MinimumVisualStudioVersion = 10.0.40219.1
Project("{2150E333-8FDC-42A3-9474-1A3956D46DE8}") = "Demos", "Demos", "{06E594FA-BCB0-4C8C-AEB2-F0FE6E09DA1F}"
EndProject
Project("{2150E333-8FDC-42A3-9474-1A3956D46DE8}") = "WinForms", "WinForms", "{12FCD389-3B42-46FC-9956-076CF43F2600}"
EndProject
Project("{2150E333-8FDC-42A3-9474-1A3956D46DE8}") = "CSharp", "CSharp", "{EA0E8887-9E3A-4617-AB41-7FE409391A68}"
EndProject
Project("{2150E333-8FDC-42A3-9474-1A3956D46DE8}") = "WPF", "WPF", "{BEB35102-F434-47CE-A231-2FC3F089F75B}"
EndProject
Project("{2150E333-8FDC-42A3-9474-1A3956D46DE8}") = "CSharp", "CSharp", "{3F3567FA-DE52-4B4A-90B2-CE0EE171BA30}"
EndProject
Project("{FAE04EC0-301F-11D3-BF4B-00C04F79EFBC}") = "Main Demo x86", "WinForms\CSharp\Main Demo\Main Demo x86.csproj", "{3EDD8396-3B02-40C2-8C2E-E7F1B361D984}"
EndProject
Project("{FAE04EC0-301F-11D3-BF4B-00C04F79EFBC}") = "Main Demo x86", "WPF\CSharp\Main Demo\Main Demo x86.csproj", "{A78A3FEC-8284-41F7-9156-5EF8043E012B}"
EndProject
Project("{FAE04EC0-301F-11D3-BF4B-00C04F79EFBC}") = "Video From Images x86", "WinForms\CSharp\Video from images\Video From Images x86.csproj", "{C384417A-6BBD-497A-ADF1-4C1A2D8FD05B}"
EndProject
Project("{FAE04EC0-301F-11D3-BF4B-00C04F79EFBC}") = "Video From Images In Memory x86", "WinForms\CSharp\Video from images in memory\Video From Images In Memory x86.csproj", "{14581C24-A301-46FE-AEF7-8416CE94D255}"
EndProject
Global
	GlobalSection(SolutionConfigurationPlatforms) = preSolution
		Debug|Any CPU = Debug|Any CPU
		Debug|x86 = Debug|x86
		Release|Any CPU = Release|Any CPU
		Release|x86 = Release|x86
	EndGlobalSection
	GlobalSection(ProjectConfigurationPlatforms) = postSolution
		{3EDD8396-3B02-40C2-8C2E-E7F1B361D984}.Debug|Any CPU.ActiveCfg = Debug|Any CPU
		{3EDD8396-3B02-40C2-8C2E-E7F1B361D984}.Debug|Any CPU.Build.0 = Debug|Any CPU
		{3EDD8396-3B02-40C2-8C2E-E7F1B361D984}.Debug|x86.ActiveCfg = Debug|Any CPU
		{3EDD8396-3B02-40C2-8C2E-E7F1B361D984}.Debug|x86.Build.0 = Debug|Any CPU
		{3EDD8396-3B02-40C2-8C2E-E7F1B361D984}.Release|Any CPU.ActiveCfg = Release|Any CPU
		{3EDD8396-3B02-40C2-8C2E-E7F1B361D984}.Release|Any CPU.Build.0 = Release|Any CPU
		{3EDD8396-3B02-40C2-8C2E-E7F1B361D984}.Release|x86.ActiveCfg = Release|Any CPU
		{3EDD8396-3B02-40C2-8C2E-E7F1B361D984}.Release|x86.Build.0 = Release|Any CPU
		{A78A3FEC-8284-41F7-9156-5EF8043E012B}.Debug|Any CPU.ActiveCfg = Debug|Any CPU
		{A78A3FEC-8284-41F7-9156-5EF8043E012B}.Debug|Any CPU.Build.0 = Debug|Any CPU
		{A78A3FEC-8284-41F7-9156-5EF8043E012B}.Debug|x86.ActiveCfg = Debug|Any CPU
		{A78A3FEC-8284-41F7-9156-5EF8043E012B}.Debug|x86.Build.0 = Debug|Any CPU
		{A78A3FEC-8284-41F7-9156-5EF8043E012B}.Release|Any CPU.ActiveCfg = Release|Any CPU
		{A78A3FEC-8284-41F7-9156-5EF8043E012B}.Release|Any CPU.Build.0 = Release|Any CPU
		{A78A3FEC-8284-41F7-9156-5EF8043E012B}.Release|x86.ActiveCfg = Release|Any CPU
		{A78A3FEC-8284-41F7-9156-5EF8043E012B}.Release|x86.Build.0 = Release|Any CPU
		{C384417A-6BBD-497A-ADF1-4C1A2D8FD05B}.Debug|Any CPU.ActiveCfg = Debug|Any CPU
		{C384417A-6BBD-497A-ADF1-4C1A2D8FD05B}.Debug|Any CPU.Build.0 = Debug|Any CPU
		{C384417A-6BBD-497A-ADF1-4C1A2D8FD05B}.Debug|x86.ActiveCfg = Debug|Any CPU
		{C384417A-6BBD-497A-ADF1-4C1A2D8FD05B}.Debug|x86.Build.0 = Debug|Any CPU
		{C384417A-6BBD-497A-ADF1-4C1A2D8FD05B}.Release|Any CPU.ActiveCfg = Release|Any CPU
		{C384417A-6BBD-497A-ADF1-4C1A2D8FD05B}.Release|Any CPU.Build.0 = Release|Any CPU
		{C384417A-6BBD-497A-ADF1-4C1A2D8FD05B}.Release|x86.ActiveCfg = Release|Any CPU
		{C384417A-6BBD-497A-ADF1-4C1A2D8FD05B}.Release|x86.Build.0 = Release|Any CPU
		{14581C24-A301-46FE-AEF7-8416CE94D255}.Debug|Any CPU.ActiveCfg = Debug|Any CPU
		{14581C24-A301-46FE-AEF7-8416CE94D255}.Debug|Any CPU.Build.0 = Debug|Any CPU
		{14581C24-A301-46FE-AEF7-8416CE94D255}.Debug|x86.ActiveCfg = Debug|Any CPU
		{14581C24-A301-46FE-AEF7-8416CE94D255}.Debug|x86.Build.0 = Debug|Any CPU
		{14581C24-A301-46FE-AEF7-8416CE94D255}.Release|Any CPU.ActiveCfg = Release|Any CPU
		{14581C24-A301-46FE-AEF7-8416CE94D255}.Release|Any CPU.Build.0 = Release|Any CPU
		{14581C24-A301-46FE-AEF7-8416CE94D255}.Release|x86.ActiveCfg = Release|Any CPU
		{14581C24-A301-46FE-AEF7-8416CE94D255}.Release|x86.Build.0 = Release|Any CPU
	EndGlobalSection
	GlobalSection(SolutionProperties) = preSolution
		HideSolutionNode = FALSE
	EndGlobalSection
	GlobalSection(NestedProjects) = preSolution
		{12FCD389-3B42-46FC-9956-076CF43F2600} = {06E594FA-BCB0-4C8C-AEB2-F0FE6E09DA1F}
		{EA0E8887-9E3A-4617-AB41-7FE409391A68} = {12FCD389-3B42-46FC-9956-076CF43F2600}
		{BEB35102-F434-47CE-A231-2FC3F089F75B} = {06E594FA-BCB0-4C8C-AEB2-F0FE6E09DA1F}
		{3F3567FA-DE52-4B4A-90B2-CE0EE171BA30} = {BEB35102-F434-47CE-A231-2FC3F089F75B}
		{3EDD8396-3B02-40C2-8C2E-E7F1B361D984} = {EA0E8887-9E3A-4617-AB41-7FE409391A68}
		{A78A3FEC-8284-41F7-9156-5EF8043E012B} = {3F3567FA-DE52-4B4A-90B2-CE0EE171BA30}
		{C384417A-6BBD-497A-ADF1-4C1A2D8FD05B} = {EA0E8887-9E3A-4617-AB41-7FE409391A68}
		{14581C24-A301-46FE-AEF7-8416CE94D255} = {EA0E8887-9E3A-4617-AB41-7FE409391A68}
	EndGlobalSection
EndGlobal
